
Microsoft Visual Studio Solution File, Format Version 12.00
# Visual Studio 2015
Project("{FAE04EC0-301F-11D3-BF4B-00C04F79EFBC}") = "thezarapapeople_videojuego.CSharp", "thezarapapeople_videojuego.CSharp.csproj", "{8B307169-F046-80DB-0B1B-0DA6F630F98E}"
EndProject
Project("{FAE04EC0-301F-11D3-BF4B-00C04F79EFBC}") = "thezarapapeople_videojuego.CSharp.Editor", "thezarapapeople_videojuego.CSharp.Editor.csproj", "{1C0DD01D-B76D-D0E1-05FC-8187AC8829F3}"
EndProject
Global
	GlobalSection(SolutionConfigurationPlatforms) = preSolution
		Debug|Any CPU = Debug|Any CPU
		Release|Any CPU = Release|Any CPU
	EndGlobalSection
	GlobalSection(ProjectConfigurationPlatforms) = postSolution
		{8B307169-F046-80DB-0B1B-0DA6F630F98E}.Debug|Any CPU.ActiveCfg = Debug|Any CPU
		{8B307169-F046-80DB-0B1B-0DA6F630F98E}.Debug|Any CPU.Build.0 = Debug|Any CPU
		{8B307169-F046-80DB-0B1B-0DA6F630F98E}.Release|Any CPU.ActiveCfg = Release|Any CPU
		{8B307169-F046-80DB-0B1B-0DA6F630F98E}.Release|Any CPU.Build.0 = Release|Any CPU
		{1C0DD01D-B76D-D0E1-05FC-8187AC8829F3}.Debug|Any CPU.ActiveCfg = Debug|Any CPU
		{1C0DD01D-B76D-D0E1-05FC-8187AC8829F3}.Debug|Any CPU.Build.0 = Debug|Any CPU
		{1C0DD01D-B76D-D0E1-05FC-8187AC8829F3}.Release|Any CPU.ActiveCfg = Release|Any CPU
		{1C0DD01D-B76D-D0E1-05FC-8187AC8829F3}.Release|Any CPU.Build.0 = Release|Any CPU
	EndGlobalSection
	GlobalSection(SolutionProperties) = preSolution
		HideSolutionNode = FALSE
	EndGlobalSection
EndGlobal
